
Microsoft Visual Studio Solution File, Format Version 12.00
# Visual Studio Version 17
VisualStudioVersion = 17.4.33213.308
MinimumVisualStudioVersion = 10.0.40219.1
Project("{9A19103F-16F7-4668-BE54-9A1E7A4F7556}") = "Engine.Core", "Engine.Core\Engine.Core.csproj", "{FC71BDDF-7DFF-4297-9C9C-874B5ECA6DCA}"
EndProject
Project("{9A19103F-16F7-4668-BE54-9A1E7A4F7556}") = "Engine.MySQL", "Engine.MySQL\Engine.MySQL.csproj", "{823FC24B-5DE0-4805-8C70-32BD6D144108}"
EndProject
Global
	GlobalSection(SolutionConfigurationPlatforms) = preSolution
		Debug|Any CPU = Debug|Any CPU
		Release|Any CPU = Release|Any CPU
	EndGlobalSection
	GlobalSection(ProjectConfigurationPlatforms) = postSolution
		{FC71BDDF-7DFF-4297-9C9C-874B5ECA6DCA}.Debug|Any CPU.ActiveCfg = Debug|Any CPU
		{FC71BDDF-7DFF-4297-9C9C-874B5ECA6DCA}.Debug|Any CPU.Build.0 = Debug|Any CPU
		{FC71BDDF-7DFF-4297-9C9C-874B5ECA6DCA}.Release|Any CPU.ActiveCfg = Release|Any CPU
		{FC71BDDF-7DFF-4297-9C9C-874B5ECA6DCA}.Release|Any CPU.Build.0 = Release|Any CPU
		{823FC24B-5DE0-4805-8C70-32BD6D144108}.Debug|Any CPU.ActiveCfg = Debug|Any CPU
		{823FC24B-5DE0-4805-8C70-32BD6D144108}.Debug|Any CPU.Build.0 = Debug|Any CPU
		{823FC24B-5DE0-4805-8C70-32BD6D144108}.Release|Any CPU.ActiveCfg = Release|Any CPU
		{823FC24B-5DE0-4805-8C70-32BD6D144108}.Release|Any CPU.Build.0 = Release|Any CPU
	EndGlobalSection
	GlobalSection(SolutionProperties) = preSolution
		HideSolutionNode = FALSE
	EndGlobalSection
	GlobalSection(ExtensibilityGlobals) = postSolution
		SolutionGuid = {B23FB6DC-892D-40C7-97E2-9A9CB5951A48}
	EndGlobalSection
EndGlobal
